
Microsoft Visual Studio Solution File, Format Version 12.00
# Visual Studio Version 16
VisualStudioVersion = 16.0.30204.135
MinimumVisualStudioVersion = 10.0.40219.1
Project("{9A19103F-16F7-4668-BE54-9A1E7A4F7556}") = "SAED.Web", "src\Web\SAED.Web.csproj", "{C18E0B08-8F8C-4A31-9ABD-43578414A10B}"
EndProject
Project("{2150E333-8FDC-42A3-9474-1A3956D46DE8}") = "src", "src", "{B4EB763C-BCB1-408F-A3B1-E747647BE52F}"
EndProject
Project("{2150E333-8FDC-42A3-9474-1A3956D46DE8}") = "tests", "tests", "{2C0D39D2-454F-4EA9-A411-5CF25D6D1377}"
EndProject
Project("{9A19103F-16F7-4668-BE54-9A1E7A4F7556}") = "SAED.UnitTests", "tests\UnitTests\SAED.UnitTests.csproj", "{A3D34B8B-43A3-4C18-964D-84DB39883B5C}"
	ProjectSection(ProjectDependencies) = postProject
		{C18E0B08-8F8C-4A31-9ABD-43578414A10B} = {C18E0B08-8F8C-4A31-9ABD-43578414A10B}
	EndProjectSection
EndProject
Project("{9A19103F-16F7-4668-BE54-9A1E7A4F7556}") = "SAED.ApplicationCore", "src\ApplicationCore\SAED.ApplicationCore.csproj", "{DFD67295-DD83-4ADE-92A7-65B9B35FF132}"
EndProject
Project("{9A19103F-16F7-4668-BE54-9A1E7A4F7556}") = "SAED.Infrastructure", "src\Infrastructure\SAED.Infrastructure.csproj", "{E2113DAE-76D5-47AB-8648-431C44C63E39}"
	ProjectSection(ProjectDependencies) = postProject
		{DFD67295-DD83-4ADE-92A7-65B9B35FF132} = {DFD67295-DD83-4ADE-92A7-65B9B35FF132}
	EndProjectSection
EndProject
Project("{9A19103F-16F7-4668-BE54-9A1E7A4F7556}") = "SAED.Api", "src\Api\SAED.Api.csproj", "{FF5A5F6A-6439-4460-BE70-96F1DF1B612B}"
	ProjectSection(ProjectDependencies) = postProject
		{DFD67295-DD83-4ADE-92A7-65B9B35FF132} = {DFD67295-DD83-4ADE-92A7-65B9B35FF132}
		{E2113DAE-76D5-47AB-8648-431C44C63E39} = {E2113DAE-76D5-47AB-8648-431C44C63E39}
	EndProjectSection
EndProject
Global
	GlobalSection(SolutionConfigurationPlatforms) = preSolution
		Debug|Any CPU = Debug|Any CPU
		Release|Any CPU = Release|Any CPU
	EndGlobalSection
	GlobalSection(ProjectConfigurationPlatforms) = postSolution
		{C18E0B08-8F8C-4A31-9ABD-43578414A10B}.Debug|Any CPU.ActiveCfg = Debug|Any CPU
		{C18E0B08-8F8C-4A31-9ABD-43578414A10B}.Debug|Any CPU.Build.0 = Debug|Any CPU
		{C18E0B08-8F8C-4A31-9ABD-43578414A10B}.Release|Any CPU.ActiveCfg = Release|Any CPU
		{C18E0B08-8F8C-4A31-9ABD-43578414A10B}.Release|Any CPU.Build.0 = Release|Any CPU
		{A3D34B8B-43A3-4C18-964D-84DB39883B5C}.Debug|Any CPU.ActiveCfg = Debug|Any CPU
		{A3D34B8B-43A3-4C18-964D-84DB39883B5C}.Debug|Any CPU.Build.0 = Debug|Any CPU
		{A3D34B8B-43A3-4C18-964D-84DB39883B5C}.Release|Any CPU.ActiveCfg = Release|Any CPU
		{A3D34B8B-43A3-4C18-964D-84DB39883B5C}.Release|Any CPU.Build.0 = Release|Any CPU
		{DFD67295-DD83-4ADE-92A7-65B9B35FF132}.Debug|Any CPU.ActiveCfg = Debug|Any CPU
		{DFD67295-DD83-4ADE-92A7-65B9B35FF132}.Debug|Any CPU.Build.0 = Debug|Any CPU
		{DFD67295-DD83-4ADE-92A7-65B9B35FF132}.Release|Any CPU.ActiveCfg = Release|Any CPU
		{DFD67295-DD83-4ADE-92A7-65B9B35FF132}.Release|Any CPU.Build.0 = Release|Any CPU
		{E2113DAE-76D5-47AB-8648-431C44C63E39}.Debug|Any CPU.ActiveCfg = Debug|Any CPU
		{E2113DAE-76D5-47AB-8648-431C44C63E39}.Debug|Any CPU.Build.0 = Debug|Any CPU
		{E2113DAE-76D5-47AB-8648-431C44C63E39}.Release|Any CPU.ActiveCfg = Release|Any CPU
		{E2113DAE-76D5-47AB-8648-431C44C63E39}.Release|Any CPU.Build.0 = Release|Any CPU
		{FF5A5F6A-6439-4460-BE70-96F1DF1B612B}.Debug|Any CPU.ActiveCfg = Debug|Any CPU
		{FF5A5F6A-6439-4460-BE70-96F1DF1B612B}.Debug|Any CPU.Build.0 = Debug|Any CPU
		{FF5A5F6A-6439-4460-BE70-96F1DF1B612B}.Release|Any CPU.ActiveCfg = Release|Any CPU
		{FF5A5F6A-6439-4460-BE70-96F1DF1B612B}.Release|Any CPU.Build.0 = Release|Any CPU
	EndGlobalSection
	GlobalSection(SolutionProperties) = preSolution
		HideSolutionNode = FALSE
	EndGlobalSection
	GlobalSection(NestedProjects) = preSolution
		{C18E0B08-8F8C-4A31-9ABD-43578414A10B} = {B4EB763C-BCB1-408F-A3B1-E747647BE52F}
		{A3D34B8B-43A3-4C18-964D-84DB39883B5C} = {2C0D39D2-454F-4EA9-A411-5CF25D6D1377}
		{DFD67295-DD83-4ADE-92A7-65B9B35FF132} = {B4EB763C-BCB1-408F-A3B1-E747647BE52F}
		{E2113DAE-76D5-47AB-8648-431C44C63E39} = {B4EB763C-BCB1-408F-A3B1-E747647BE52F}
		{FF5A5F6A-6439-4460-BE70-96F1DF1B612B} = {B4EB763C-BCB1-408F-A3B1-E747647BE52F}
	EndGlobalSection
	GlobalSection(ExtensibilityGlobals) = postSolution
		SolutionGuid = {452C8BA7-7A5D-4AD9-8B35-853C9143FDCE}
	EndGlobalSection
EndGlobal
